
Microsoft Visual Studio Solution File, Format Version 12.00
# Visual Studio Version 16
VisualStudioVersion = 25.0.1706.4
MinimumVisualStudioVersion = 10.0.40219.1
Project("{2150E333-8FDC-42A3-9474-1A3956D46DE8}") = "Solution Items", "Solution Items", "{1C36EC20-AB79-40CC-B778-C69091CABFA2}"
EndProject
Project("{FAE04EC0-301F-11D3-BF4B-00C04F79EFBC}") = "module06", "vv\module06.csproj", "{73621E4C-B71A-498B-92FE-754ED848BF2E}"
EndProject
Project("{FAE04EC0-301F-11D3-BF4B-00C04F79EFBC}") = "module8dz", "module8dz\module8dz.csproj", "{2F4AFF8A-86B0-4EE6-A615-BD73C8182E8F}"
EndProject
Project("{FAE04EC0-301F-11D3-BF4B-00C04F79EFBC}") = "module10.consoleApp", "module10.consoleApp\module10.consoleApp.csproj", "{82A50BB6-4A06-4254-A060-E8D7DA58E96E}"
EndProject
Project("{FAE04EC0-301F-11D3-BF4B-00C04F79EFBC}") = "module10.homework", "module10.homework\module10.homework.csproj", "{9468D776-52C7-4726-BCF3-0D22FBC9EBB5}"
EndProject
Project("{FAE04EC0-301F-11D3-BF4B-00C04F79EFBC}") = "module 11 practice", "module 11 practice\module 11 practice.csproj", "{4C1A4B5E-6607-4564-B7AE-AAE3ACBED654}"
EndProject
Project("{FAE04EC0-301F-11D3-BF4B-00C04F79EFBC}") = "module9", "module9\module9.csproj", "{A2BB38E7-B515-41B8-979B-E6B8F0627F2D}"
EndProject
Project("{FAE04EC0-301F-11D3-BF4B-00C04F79EFBC}") = "module9homework", "module9homework\module9homework.csproj", "{2D1CB8F4-9D62-4A7D-A0E5-884E7BF8A925}"
EndProject
Project("{FAE04EC0-301F-11D3-BF4B-00C04F79EFBC}") = "module12", "module12\module12.csproj", "{A18E6010-6EC8-47EC-BFA6-9B4DBE157E84}"
EndProject
Project("{FAE04EC0-301F-11D3-BF4B-00C04F79EFBC}") = "module12homework", "module12homework\module12homework.csproj", "{C5B0C9CE-BEBB-4998-B671-C5A1EB42262E}"
EndProject
Project("{FAE04EC0-301F-11D3-BF4B-00C04F79EFBC}") = "module13", "module13\module13.csproj", "{976D8A1C-F810-4A88-B11B-264376DD7454}"
EndProject
Project("{FAE04EC0-301F-11D3-BF4B-00C04F79EFBC}") = "module13homework", "module13homework\module13homework.csproj", "{321361C3-239D-4620-8EBD-E6B941F1E7D2}"
EndProject
Global
	GlobalSection(SolutionConfigurationPlatforms) = preSolution
		Debug|Any CPU = Debug|Any CPU
		Release|Any CPU = Release|Any CPU
	EndGlobalSection
	GlobalSection(ProjectConfigurationPlatforms) = postSolution
		{73621E4C-B71A-498B-92FE-754ED848BF2E}.Debug|Any CPU.ActiveCfg = Debug|Any CPU
		{73621E4C-B71A-498B-92FE-754ED848BF2E}.Debug|Any CPU.Build.0 = Debug|Any CPU
		{73621E4C-B71A-498B-92FE-754ED848BF2E}.Release|Any CPU.ActiveCfg = Release|Any CPU
		{73621E4C-B71A-498B-92FE-754ED848BF2E}.Release|Any CPU.Build.0 = Release|Any CPU
		{2F4AFF8A-86B0-4EE6-A615-BD73C8182E8F}.Debug|Any CPU.ActiveCfg = Debug|Any CPU
		{2F4AFF8A-86B0-4EE6-A615-BD73C8182E8F}.Debug|Any CPU.Build.0 = Debug|Any CPU
		{2F4AFF8A-86B0-4EE6-A615-BD73C8182E8F}.Release|Any CPU.ActiveCfg = Release|Any CPU
		{2F4AFF8A-86B0-4EE6-A615-BD73C8182E8F}.Release|Any CPU.Build.0 = Release|Any CPU
		{82A50BB6-4A06-4254-A060-E8D7DA58E96E}.Debug|Any CPU.ActiveCfg = Debug|Any CPU
		{82A50BB6-4A06-4254-A060-E8D7DA58E96E}.Debug|Any CPU.Build.0 = Debug|Any CPU
		{82A50BB6-4A06-4254-A060-E8D7DA58E96E}.Release|Any CPU.ActiveCfg = Release|Any CPU
		{82A50BB6-4A06-4254-A060-E8D7DA58E96E}.Release|Any CPU.Build.0 = Release|Any CPU
		{9468D776-52C7-4726-BCF3-0D22FBC9EBB5}.Debug|Any CPU.ActiveCfg = Debug|Any CPU
		{9468D776-52C7-4726-BCF3-0D22FBC9EBB5}.Debug|Any CPU.Build.0 = Debug|Any CPU
		{9468D776-52C7-4726-BCF3-0D22FBC9EBB5}.Release|Any CPU.ActiveCfg = Release|Any CPU
		{9468D776-52C7-4726-BCF3-0D22FBC9EBB5}.Release|Any CPU.Build.0 = Release|Any CPU
		{4C1A4B5E-6607-4564-B7AE-AAE3ACBED654}.Debug|Any CPU.ActiveCfg = Debug|Any CPU
		{4C1A4B5E-6607-4564-B7AE-AAE3ACBED654}.Debug|Any CPU.Build.0 = Debug|Any CPU
		{4C1A4B5E-6607-4564-B7AE-AAE3ACBED654}.Release|Any CPU.ActiveCfg = Release|Any CPU
		{4C1A4B5E-6607-4564-B7AE-AAE3ACBED654}.Release|Any CPU.Build.0 = Release|Any CPU
		{A2BB38E7-B515-41B8-979B-E6B8F0627F2D}.Debug|Any CPU.ActiveCfg = Debug|Any CPU
		{A2BB38E7-B515-41B8-979B-E6B8F0627F2D}.Debug|Any CPU.Build.0 = Debug|Any CPU
		{A2BB38E7-B515-41B8-979B-E6B8F0627F2D}.Release|Any CPU.ActiveCfg = Release|Any CPU
		{A2BB38E7-B515-41B8-979B-E6B8F0627F2D}.Release|Any CPU.Build.0 = Release|Any CPU
		{2D1CB8F4-9D62-4A7D-A0E5-884E7BF8A925}.Debug|Any CPU.ActiveCfg = Debug|Any CPU
		{2D1CB8F4-9D62-4A7D-A0E5-884E7BF8A925}.Debug|Any CPU.Build.0 = Debug|Any CPU
		{2D1CB8F4-9D62-4A7D-A0E5-884E7BF8A925}.Release|Any CPU.ActiveCfg = Release|Any CPU
		{2D1CB8F4-9D62-4A7D-A0E5-884E7BF8A925}.Release|Any CPU.Build.0 = Release|Any CPU
		{A18E6010-6EC8-47EC-BFA6-9B4DBE157E84}.Debug|Any CPU.ActiveCfg = Debug|Any CPU
		{A18E6010-6EC8-47EC-BFA6-9B4DBE157E84}.Debug|Any CPU.Build.0 = Debug|Any CPU
		{A18E6010-6EC8-47EC-BFA6-9B4DBE157E84}.Release|Any CPU.ActiveCfg = Release|Any CPU
		{A18E6010-6EC8-47EC-BFA6-9B4DBE157E84}.Release|Any CPU.Build.0 = Release|Any CPU
		{C5B0C9CE-BEBB-4998-B671-C5A1EB42262E}.Debug|Any CPU.ActiveCfg = Debug|Any CPU
		{C5B0C9CE-BEBB-4998-B671-C5A1EB42262E}.Debug|Any CPU.Build.0 = Debug|Any CPU
		{C5B0C9CE-BEBB-4998-B671-C5A1EB42262E}.Release|Any CPU.ActiveCfg = Release|Any CPU
		{C5B0C9CE-BEBB-4998-B671-C5A1EB42262E}.Release|Any CPU.Build.0 = Release|Any CPU
		{976D8A1C-F810-4A88-B11B-264376DD7454}.Debug|Any CPU.ActiveCfg = Debug|Any CPU
		{976D8A1C-F810-4A88-B11B-264376DD7454}.Debug|Any CPU.Build.0 = Debug|Any CPU
		{976D8A1C-F810-4A88-B11B-264376DD7454}.Release|Any CPU.ActiveCfg = Release|Any CPU
		{976D8A1C-F810-4A88-B11B-264376DD7454}.Release|Any CPU.Build.0 = Release|Any CPU
		{321361C3-239D-4620-8EBD-E6B941F1E7D2}.Debug|Any CPU.ActiveCfg = Debug|Any CPU
		{321361C3-239D-4620-8EBD-E6B941F1E7D2}.Debug|Any CPU.Build.0 = Debug|Any CPU
		{321361C3-239D-4620-8EBD-E6B941F1E7D2}.Release|Any CPU.ActiveCfg = Release|Any CPU
		{321361C3-239D-4620-8EBD-E6B941F1E7D2}.Release|Any CPU.Build.0 = Release|Any CPU
	EndGlobalSection
	GlobalSection(SolutionProperties) = preSolution
		HideSolutionNode = FALSE
	EndGlobalSection
	GlobalSection(ExtensibilityGlobals) = postSolution
		SolutionGuid = {FD310C6A-8E12-427E-A86E-D1F048BEB37E}
	EndGlobalSection
EndGlobal
